// !$*UTF8*$!
{
	archiveVersion = 1;
	classes = {
	};
	objectVersion = 55;
	objects = {

/* Begin PBXBuildFile section */
		1FF6C76D27827E5B0028995D /* AppDelegate.swift in Sources */ = {isa = PBXBuildFile; fileRef = 1FF6C76C27827E5B0028995D /* AppDelegate.swift */; };
		1FF6C76F27827E5B0028995D /* SceneDelegate.swift in Sources */ = {isa = PBXBuildFile; fileRef = 1FF6C76E27827E5B0028995D /* SceneDelegate.swift */; };
		1FF6C77127827E5B0028995D /* MVPINViewController.swift in Sources */ = {isa = PBXBuildFile; fileRef = 1FF6C77027827E5B0028995D /* MVPINViewController.swift */; };
		1FF6C77627827E5D0028995D /* Assets.xcassets in Resources */ = {isa = PBXBuildFile; fileRef = 1FF6C77527827E5D0028995D /* Assets.xcassets */; };
		1FF6C77927827E5D0028995D /* LaunchScreen.storyboard in Resources */ = {isa = PBXBuildFile; fileRef = 1FF6C77727827E5D0028995D /* LaunchScreen.storyboard */; };
		1FF6C781278281AC0028995D /* MVKey.swift in Sources */ = {isa = PBXBuildFile; fileRef = 1FF6C780278281AC0028995D /* MVKey.swift */; };
		1FF6C7832782A9350028995D /* MVPinPad.swift in Sources */ = {isa = PBXBuildFile; fileRef = 1FF6C7822782A9350028995D /* MVPinPad.swift */; };
		1FF6C7872782BC380028995D /* UIStackView+Ext.swift in Sources */ = {isa = PBXBuildFile; fileRef = 1FF6C7862782BC380028995D /* UIStackView+Ext.swift */; };
		1FF6C78F278354D20028995D /* MVGalleryViewController.swift in Sources */ = {isa = PBXBuildFile; fileRef = 1FF6C78E278354D20028995D /* MVGalleryViewController.swift */; };
		1FF6C792278377220028995D /* NetworkManager.swift in Sources */ = {isa = PBXBuildFile; fileRef = 1FF6C791278377220028995D /* NetworkManager.swift */; };
		1FF6C79527837D1E0028995D /* MVPhotoCollectionViewCell.swift in Sources */ = {isa = PBXBuildFile; fileRef = 1FF6C79427837D1E0028995D /* MVPhotoCollectionViewCell.swift */; };
		1FF6C798278382430028995D /* UILayout.swift in Sources */ = {isa = PBXBuildFile; fileRef = 1FF6C797278382430028995D /* UILayout.swift */; };
		1FF6C79A2783C9720028995D /* MVPhotoDetailViewController.swift in Sources */ = {isa = PBXBuildFile; fileRef = 1FF6C7992783C9720028995D /* MVPhotoDetailViewController.swift */; };
/* End PBXBuildFile section */

/* Begin PBXFileReference section */
		1FF6C76927827E5B0028995D /* MiniVault.app */ = {isa = PBXFileReference; explicitFileType = wrapper.application; includeInIndex = 0; path = MiniVault.app; sourceTree = BUILT_PRODUCTS_DIR; };
		1FF6C76C27827E5B0028995D /* AppDelegate.swift */ = {isa = PBXFileReference; lastKnownFileType = sourcecode.swift; path = AppDelegate.swift; sourceTree = "<group>"; };
		1FF6C76E27827E5B0028995D /* SceneDelegate.swift */ = {isa = PBXFileReference; lastKnownFileType = sourcecode.swift; path = SceneDelegate.swift; sourceTree = "<group>"; };
		1FF6C77027827E5B0028995D /* MVPINViewController.swift */ = {isa = PBXFileReference; lastKnownFileType = sourcecode.swift; path = MVPINViewController.swift; sourceTree = "<group>"; };
		1FF6C77527827E5D0028995D /* Assets.xcassets */ = {isa = PBXFileReference; lastKnownFileType = folder.assetcatalog; path = Assets.xcassets; sourceTree = "<group>"; };
		1FF6C77827827E5D0028995D /* Base */ = {isa = PBXFileReference; lastKnownFileType = file.storyboard; name = Base; path = Base.lproj/LaunchScreen.storyboard; sourceTree = "<group>"; };
		1FF6C77A27827E5D0028995D /* Info.plist */ = {isa = PBXFileReference; lastKnownFileType = text.plist.xml; path = Info.plist; sourceTree = "<group>"; };
		1FF6C780278281AC0028995D /* MVKey.swift */ = {isa = PBXFileReference; lastKnownFileType = sourcecode.swift; path = MVKey.swift; sourceTree = "<group>"; };
		1FF6C7822782A9350028995D /* MVPinPad.swift */ = {isa = PBXFileReference; lastKnownFileType = sourcecode.swift; path = MVPinPad.swift; sourceTree = "<group>"; };
		1FF6C7862782BC380028995D /* UIStackView+Ext.swift */ = {isa = PBXFileReference; lastKnownFileType = sourcecode.swift; path = "UIStackView+Ext.swift"; sourceTree = "<group>"; };
		1FF6C78E278354D20028995D /* MVGalleryViewController.swift */ = {isa = PBXFileReference; lastKnownFileType = sourcecode.swift; path = MVGalleryViewController.swift; sourceTree = "<group>"; };
		1FF6C791278377220028995D /* NetworkManager.swift */ = {isa = PBXFileReference; lastKnownFileType = sourcecode.swift; path = NetworkManager.swift; sourceTree = "<group>"; };
		1FF6C79427837D1E0028995D /* MVPhotoCollectionViewCell.swift */ = {isa = PBXFileReference; lastKnownFileType = sourcecode.swift; path = MVPhotoCollectionViewCell.swift; sourceTree = "<group>"; };
		1FF6C797278382430028995D /* UILayout.swift */ = {isa = PBXFileReference; lastKnownFileType = sourcecode.swift; path = UILayout.swift; sourceTree = "<group>"; };
		1FF6C7992783C9720028995D /* MVPhotoDetailViewController.swift */ = {isa = PBXFileReference; lastKnownFileType = sourcecode.swift; path = MVPhotoDetailViewController.swift; sourceTree = "<group>"; };
/* End PBXFileReference section */

/* Begin PBXFrameworksBuildPhase section */
		1FF6C76627827E5B0028995D /* Frameworks */ = {
			isa = PBXFrameworksBuildPhase;
			buildActionMask = 2147483647;
			files = (
			);
			runOnlyForDeploymentPostprocessing = 0;
		};
/* End PBXFrameworksBuildPhase section */

/* Begin PBXGroup section */
		1FF6C76027827E5B0028995D = {
			isa = PBXGroup;
			children = (
				1FF6C76B27827E5B0028995D /* MiniVault */,
				1FF6C76A27827E5B0028995D /* Products */,
			);
			sourceTree = "<group>";
		};
		1FF6C76A27827E5B0028995D /* Products */ = {
			isa = PBXGroup;
			children = (
				1FF6C76927827E5B0028995D /* MiniVault.app */,
			);
			name = Products;
			sourceTree = "<group>";
		};
		1FF6C76B27827E5B0028995D /* MiniVault */ = {
			isa = PBXGroup;
			children = (
				1FF6C7892782C6E30028995D /* View Controllers */,
				1FF6C78B2782C7340028995D /* Custom Views */,
				1FF6C7882782C6CF0028995D /* Extensions */,
				1FF6C796278382240028995D /* Utilities */,
				1FF6C78D2782C7720028995D /* Support */,
				1FF6C77A27827E5D0028995D /* Info.plist */,
			);
			path = MiniVault;
			sourceTree = "<group>";
		};
		1FF6C7882782C6CF0028995D /* Extensions */ = {
			isa = PBXGroup;
			children = (
				1FF6C7862782BC380028995D /* UIStackView+Ext.swift */,
			);
			path = Extensions;
			sourceTree = "<group>";
		};
		1FF6C7892782C6E30028995D /* View Controllers */ = {
			isa = PBXGroup;
			children = (
				1FF6C77027827E5B0028995D /* MVPINViewController.swift */,
				1FF6C78E278354D20028995D /* MVGalleryViewController.swift */,
				1FF6C7992783C9720028995D /* MVPhotoDetailViewController.swift */,
			);
			path = "View Controllers";
			sourceTree = "<group>";
		};
		1FF6C78A2782C6FA0028995D /* Buttons */ = {
			isa = PBXGroup;
			children = (
				1FF6C780278281AC0028995D /* MVKey.swift */,
			);
			path = Buttons;
			sourceTree = "<group>";
		};
		1FF6C78B2782C7340028995D /* Custom Views */ = {
			isa = PBXGroup;
			children = (
				1FF6C790278377120028995D /* Managers */,
				1FF6C78C2782C7640028995D /* Views */,
				1FF6C78A2782C6FA0028995D /* Buttons */,
				1FF6C79327837CFD0028995D /* Cells */,
			);
			path = "Custom Views";
			sourceTree = "<group>";
		};
		1FF6C78C2782C7640028995D /* Views */ = {
			isa = PBXGroup;
			children = (
				1FF6C7822782A9350028995D /* MVPinPad.swift */,
			);
			path = Views;
			sourceTree = "<group>";
		};
		1FF6C78D2782C7720028995D /* Support */ = {
			isa = PBXGroup;
			children = (
				1FF6C76C27827E5B0028995D /* AppDelegate.swift */,
				1FF6C76E27827E5B0028995D /* SceneDelegate.swift */,
				1FF6C77527827E5D0028995D /* Assets.xcassets */,
				1FF6C77727827E5D0028995D /* LaunchScreen.storyboard */,
			);
			path = Support;
			sourceTree = "<group>";
		};
		1FF6C790278377120028995D /* Managers */ = {
			isa = PBXGroup;
			children = (
				1FF6C791278377220028995D /* NetworkManager.swift */,
			);
			path = Managers;
			sourceTree = "<group>";
		};
		1FF6C79327837CFD0028995D /* Cells */ = {
			isa = PBXGroup;
			children = (
				1FF6C79427837D1E0028995D /* MVPhotoCollectionViewCell.swift */,
			);
			path = Cells;
			sourceTree = "<group>";
		};
		1FF6C796278382240028995D /* Utilities */ = {
			isa = PBXGroup;
			children = (
				1FF6C797278382430028995D /* UILayout.swift */,
			);
			path = Utilities;
			sourceTree = "<group>";
		};
/* End PBXGroup section */

/* Begin PBXNativeTarget section */
		1FF6C76827827E5B0028995D /* MiniVault */ = {
			isa = PBXNativeTarget;
			buildConfigurationList = 1FF6C77D27827E5D0028995D /* Build configuration list for PBXNativeTarget "MiniVault" */;
			buildPhases = (
				1FF6C76527827E5B0028995D /* Sources */,
				1FF6C76627827E5B0028995D /* Frameworks */,
				1FF6C76727827E5B0028995D /* Resources */,
			);
			buildRules = (
			);
			dependencies = (
			);
			name = MiniVault;
			productName = MiniVault;
			productReference = 1FF6C76927827E5B0028995D /* MiniVault.app */;
			productType = "com.apple.product-type.application";
		};
/* End PBXNativeTarget section */

/* Begin PBXProject section */
		1FF6C76127827E5B0028995D /* Project object */ = {
			isa = PBXProject;
			attributes = {
				BuildIndependentTargetsInParallel = 1;
				LastSwiftUpdateCheck = 1310;
				LastUpgradeCheck = 1310;
				TargetAttributes = {
					1FF6C76827827E5B0028995D = {
						CreatedOnToolsVersion = 13.1;
					};
				};
			};
			buildConfigurationList = 1FF6C76427827E5B0028995D /* Build configuration list for PBXProject "MiniVault" */;
			compatibilityVersion = "Xcode 13.0";
			developmentRegion = en;
			hasScannedForEncodings = 0;
			knownRegions = (
				en,
				Base,
			);
			mainGroup = 1FF6C76027827E5B0028995D;
			productRefGroup = 1FF6C76A27827E5B0028995D /* Products */;
			projectDirPath = "";
			projectRoot = "";
			targets = (
				1FF6C76827827E5B0028995D /* MiniVault */,
			);
		};
/* End PBXProject section */

/* Begin PBXResourcesBuildPhase section */
		1FF6C76727827E5B0028995D /* Resources */ = {
			isa = PBXResourcesBuildPhase;
			buildActionMask = 2147483647;
			files = (
				1FF6C77927827E5D0028995D /* LaunchScreen.storyboard in Resources */,
				1FF6C77627827E5D0028995D /* Assets.xcassets in Resources */,
			);
			runOnlyForDeploymentPostprocessing = 0;
		};
/* End PBXResourcesBuildPhase section */

/* Begin PBXSourcesBuildPhase section */
		1FF6C76527827E5B0028995D /* Sources */ = {
			isa = PBXSourcesBuildPhase;
			buildActionMask = 2147483647;
			files = (
				1FF6C7832782A9350028995D /* MVPinPad.swift in Sources */,
				1FF6C78F278354D20028995D /* MVGalleryViewController.swift in Sources */,
				1FF6C77127827E5B0028995D /* MVPINViewController.swift in Sources */,
				1FF6C79A2783C9720028995D /* MVPhotoDetailViewController.swift in Sources */,
				1FF6C76D27827E5B0028995D /* AppDelegate.swift in Sources */,
				1FF6C792278377220028995D /* NetworkManager.swift in Sources */,
				1FF6C798278382430028995D /* UILayout.swift in Sources */,
				1FF6C7872782BC380028995D /* UIStackView+Ext.swift in Sources */,
				1FF6C79527837D1E0028995D /* MVPhotoCollectionViewCell.swift in Sources */,
				1FF6C781278281AC0028995D /* MVKey.swift in Sources */,
				1FF6C76F27827E5B0028995D /* SceneDelegate.swift in Sources */,
			);
			runOnlyForDeploymentPostprocessing = 0;
		};
/* End PBXSourcesBuildPhase section */

/* Begin PBXVariantGroup section */
		1FF6C77727827E5D0028995D /* LaunchScreen.storyboard */ = {
			isa = PBXVariantGroup;
			children = (
				1FF6C77827827E5D0028995D /* Base */,
			);
			name = LaunchScreen.storyboard;
			sourceTree = "<group>";
		};
/* End PBXVariantGroup section */

/* Begin XCBuildConfiguration section */
		1FF6C77B27827E5D0028995D /* Debug */ = {
			isa = XCBuildConfiguration;
			buildSettings = {
				ALWAYS_SEARCH_USER_PATHS = NO;
				CLANG_ANALYZER_NONNULL = YES;
				CLANG_ANALYZER_NUMBER_OBJECT_CONVERSION = YES_AGGRESSIVE;
				CLANG_CXX_LANGUAGE_STANDARD = "gnu++17";
				CLANG_CXX_LIBRARY = "libc++";
				CLANG_ENABLE_MODULES = YES;
				CLANG_ENABLE_OBJC_ARC = YES;
				CLANG_ENABLE_OBJC_WEAK = YES;
				CLANG_WARN_BLOCK_CAPTURE_AUTORELEASING = YES;
				CLANG_WARN_BOOL_CONVERSION = YES;
				CLANG_WARN_COMMA = YES;
				CLANG_WARN_CONSTANT_CONVERSION = YES;
				CLANG_WARN_DEPRECATED_OBJC_IMPLEMENTATIONS = YES;
				CLANG_WARN_DIRECT_OBJC_ISA_USAGE = YES_ERROR;
				CLANG_WARN_DOCUMENTATION_COMMENTS = YES;
				CLANG_WARN_EMPTY_BODY = YES;
				CLANG_WARN_ENUM_CONVERSION = YES;
				CLANG_WARN_INFINITE_RECURSION = YES;
				CLANG_WARN_INT_CONVERSION = YES;
				CLANG_WARN_NON_LITERAL_NULL_CONVERSION = YES;
				CLANG_WARN_OBJC_IMPLICIT_RETAIN_SELF = YES;
				CLANG_WARN_OBJC_LITERAL_CONVERSION = YES;
				CLANG_WARN_OBJC_ROOT_CLASS = YES_ERROR;
				CLANG_WARN_QUOTED_INCLUDE_IN_FRAMEWORK_HEADER = YES;
				CLANG_WARN_RANGE_LOOP_ANALYSIS = YES;
				CLANG_WARN_STRICT_PROTOTYPES = YES;
				CLANG_WARN_SUSPICIOUS_MOVE = YES;
				CLANG_WARN_UNGUARDED_AVAILABILITY = YES_AGGRESSIVE;
				CLANG_WARN_UNREACHABLE_CODE = YES;
				CLANG_WARN__DUPLICATE_METHOD_MATCH = YES;
				COPY_PHASE_STRIP = NO;
				DEBUG_INFORMATION_FORMAT = dwarf;
				ENABLE_STRICT_OBJC_MSGSEND = YES;
				ENABLE_TESTABILITY = YES;
				GCC_C_LANGUAGE_STANDARD = gnu11;
				GCC_DYNAMIC_NO_PIC = NO;
				GCC_NO_COMMON_BLOCKS = YES;
				GCC_OPTIMIZATION_LEVEL = 0;
				GCC_PREPROCESSOR_DEFINITIONS = (
					"DEBUG=1",
					"$(inherited)",
				);
				GCC_WARN_64_TO_32_BIT_CONVERSION = YES;
				GCC_WARN_ABOUT_RETURN_TYPE = YES_ERROR;
				GCC_WARN_UNDECLARED_SELECTOR = YES;
				GCC_WARN_UNINITIALIZED_AUTOS = YES_AGGRESSIVE;
				GCC_WARN_UNUSED_FUNCTION = YES;
				GCC_WARN_UNUSED_VARIABLE = YES;
				IPHONEOS_DEPLOYMENT_TARGET = 15.0;
				MTL_ENABLE_DEBUG_INFO = INCLUDE_SOURCE;
				MTL_FAST_MATH = YES;
				ONLY_ACTIVE_ARCH = YES;
				SDKROOT = iphoneos;
				SWIFT_ACTIVE_COMPILATION_CONDITIONS = DEBUG;
				SWIFT_OPTIMIZATION_LEVEL = "-Onone";
			};
			name = Debug;
		};
		1FF6C77C27827E5D0028995D /* Release */ = {
			isa = XCBuildConfiguration;
			buildSettings = {
				ALWAYS_SEARCH_USER_PATHS = NO;
				CLANG_ANALYZER_NONNULL = YES;
				CLANG_ANALYZER_NUMBER_OBJECT_CONVERSION = YES_AGGRESSIVE;
				CLANG_CXX_LANGUAGE_STANDARD = "gnu++17";
				CLANG_CXX_LIBRARY = "libc++";
				CLANG_ENABLE_MODULES = YES;
				CLANG_ENABLE_OBJC_ARC = YES;
				CLANG_ENABLE_OBJC_WEAK = YES;
				CLANG_WARN_BLOCK_CAPTURE_AUTORELEASING = YES;
				CLANG_WARN_BOOL_CONVERSION = YES;
				CLANG_WARN_COMMA = YES;
				CLANG_WARN_CONSTANT_CONVERSION = YES;
				CLANG_WARN_DEPRECATED_OBJC_IMPLEMENTATIONS = YES;
				CLANG_WARN_DIRECT_OBJC_ISA_USAGE = YES_ERROR;
				CLANG_WARN_DOCUMENTATION_COMMENTS = YES;
				CLANG_WARN_EMPTY_BODY = YES;
				CLANG_WARN_ENUM_CONVERSION = YES;
				CLANG_WARN_INFINITE_RECURSION = YES;
				CLANG_WARN_INT_CONVERSION = YES;
				CLANG_WARN_NON_LITERAL_NULL_CONVERSION = YES;
				CLANG_WARN_OBJC_IMPLICIT_RETAIN_SELF = YES;
				CLANG_WARN_OBJC_LITERAL_CONVERSION = YES;
				CLANG_WARN_OBJC_ROOT_CLASS = YES_ERROR;
				CLANG_WARN_QUOTED_INCLUDE_IN_FRAMEWORK_HEADER = YES;
				CLANG_WARN_RANGE_LOOP_ANALYSIS = YES;
				CLANG_WARN_STRICT_PROTOTYPES = YES;
				CLANG_WARN_SUSPICIOUS_MOVE = YES;
				CLANG_WARN_UNGUARDED_AVAILABILITY = YES_AGGRESSIVE;
				CLANG_WARN_UNREACHABLE_CODE = YES;
				CLANG_WARN__DUPLICATE_METHOD_MATCH = YES;
				COPY_PHASE_STRIP = NO;
				DEBUG_INFORMATION_FORMAT = "dwarf-with-dsym";
				ENABLE_NS_ASSERTIONS = NO;
				ENABLE_STRICT_OBJC_MSGSEND = YES;
				GCC_C_LANGUAGE_STANDARD = gnu11;
				GCC_NO_COMMON_BLOCKS = YES;
				GCC_WARN_64_TO_32_BIT_CONVERSION = YES;
				GCC_WARN_ABOUT_RETURN_TYPE = YES_ERROR;
				GCC_WARN_UNDECLARED_SELECTOR = YES;
				GCC_WARN_UNINITIALIZED_AUTOS = YES_AGGRESSIVE;
				GCC_WARN_UNUSED_FUNCTION = YES;
				GCC_WARN_UNUSED_VARIABLE = YES;
				IPHONEOS_DEPLOYMENT_TARGET = 15.0;
				MTL_ENABLE_DEBUG_INFO = NO;
				MTL_FAST_MATH = YES;
				SDKROOT = iphoneos;
				SWIFT_COMPILATION_MODE = wholemodule;
				SWIFT_OPTIMIZATION_LEVEL = "-O";
				VALIDATE_PRODUCT = YES;
			};
			name = Release;
		};
		1FF6C77E27827E5D0028995D /* Debug */ = {
			isa = XCBuildConfiguration;
			buildSettings = {
				ASSETCATALOG_COMPILER_APPICON_NAME = AppIcon;
				ASSETCATALOG_COMPILER_GLOBAL_ACCENT_COLOR_NAME = AccentColor;
				CODE_SIGN_STYLE = Automatic;
				CURRENT_PROJECT_VERSION = 1;
				DEVELOPMENT_TEAM = 32VDWA9DAF;
				GENERATE_INFOPLIST_FILE = YES;
				INFOPLIST_FILE = MiniVault/Info.plist;
				INFOPLIST_KEY_UIApplicationSupportsIndirectInputEvents = YES;
				INFOPLIST_KEY_UILaunchStoryboardName = LaunchScreen;
				INFOPLIST_KEY_UISupportedInterfaceOrientations = UIInterfaceOrientationPortrait;
				INFOPLIST_KEY_UISupportedInterfaceOrientations_iPad = "UIInterfaceOrientationPortrait UIInterfaceOrientationPortraitUpsideDown UIInterfaceOrientationLandscapeLeft UIInterfaceOrientationLandscapeRight";
				INFOPLIST_KEY_UISupportedInterfaceOrientations_iPhone = "UIInterfaceOrientationPortrait UIInterfaceOrientationLandscapeLeft UIInterfaceOrientationLandscapeRight";
				LD_RUNPATH_SEARCH_PATHS = (
					"$(inherited)",
					"@executable_path/Frameworks",
				);
				MARKETING_VERSION = 1.0;
				PRODUCT_BUNDLE_IDENTIFIER = com.meeplelandia.MiniVault;
				PRODUCT_NAME = "$(TARGET_NAME)";
				SWIFT_EMIT_LOC_STRINGS = YES;
				SWIFT_VERSION = 5.0;
				TARGETED_DEVICE_FAMILY = 1;
			};
			name = Debug;
		};
		1FF6C77F27827E5D0028995D /* Release */ = {
			isa = XCBuildConfiguration;
			buildSettings = {
				ASSETCATALOG_COMPILER_APPICON_NAME = AppIcon;
				ASSETCATALOG_COMPILER_GLOBAL_ACCENT_COLOR_NAME = AccentColor;
				CODE_SIGN_STYLE = Automatic;
				CURRENT_PROJECT_VERSION = 1;
				DEVELOPMENT_TEAM = 32VDWA9DAF;
				GENERATE_INFOPLIST_FILE = YES;
				INFOPLIST_FILE = MiniVault/Info.plist;
				INFOPLIST_KEY_UIApplicationSupportsIndirectInputEvents = YES;
				INFOPLIST_KEY_UILaunchStoryboardName = LaunchScreen;
				INFOPLIST_KEY_UISupportedInterfaceOrientations = UIInterfaceOrientationPortrait;
				INFOPLIST_KEY_UISupportedInterfaceOrientations_iPad = "UIInterfaceOrientationPortrait UIInterfaceOrientationPortraitUpsideDown UIInterfaceOrientationLandscapeLeft UIInterfaceOrientationLandscapeRight";
				INFOPLIST_KEY_UISupportedInterfaceOrientations_iPhone = "UIInterfaceOrientationPortrait UIInterfaceOrientationLandscapeLeft UIInterfaceOrientationLandscapeRight";
				LD_RUNPATH_SEARCH_PATHS = (
					"$(inherited)",
					"@executable_path/Frameworks",
				);
				MARKETING_VERSION = 1.0;
				PRODUCT_BUNDLE_IDENTIFIER = com.meeplelandia.MiniVault;
				PRODUCT_NAME = "$(TARGET_NAME)";
				SWIFT_EMIT_LOC_STRINGS = YES;
				SWIFT_VERSION = 5.0;
				TARGETED_DEVICE_FAMILY = 1;
			};
			name = Release;
		};
/* End XCBuildConfiguration section */

/* Begin XCConfigurationList section */
		1FF6C76427827E5B0028995D /* Build configuration list for PBXProject "MiniVault" */ = {
			isa = XCConfigurationList;
			buildConfigurations = (
				1FF6C77B27827E5D0028995D /* Debug */,
				1FF6C77C27827E5D0028995D /* Release */,
			);
			defaultConfigurationIsVisible = 0;
			defaultConfigurationName = Release;
		};
		1FF6C77D27827E5D0028995D /* Build configuration list for PBXNativeTarget "MiniVault" */ = {
			isa = XCConfigurationList;
			buildConfigurations = (
				1FF6C77E27827E5D0028995D /* Debug */,
				1FF6C77F27827E5D0028995D /* Release */,
			);
			defaultConfigurationIsVisible = 0;
			defaultConfigurationName = Release;
		};
/* End XCConfigurationList section */
	};
	rootObject = 1FF6C76127827E5B0028995D /* Project object */;
}
